
Microsoft Visual Studio Solution File, Format Version 12.00
# Visual Studio Version 17
VisualStudioVersion = 17.9.34622.214
MinimumVisualStudioVersion = 10.0.40219.1
Project("{FAE04EC0-301F-11D3-BF4B-00C04F79EFBC}") = "CalcularGastoFuncionario", "CalcularGastoFuncionario\CalcularGastoFuncionario.csproj", "{B9DEB242-B38B-4BD8-98E8-45A4A641A198}"
EndProject
Project("{FAE04EC0-301F-11D3-BF4B-00C04F79EFBC}") = "CalcularSalario.Test", "CalcularSalario.Test\CalcularSalario.Test.csproj", "{B01E1A2D-6E7B-490B-B55A-AEE3C352ACF2}"
EndProject
Global
	GlobalSection(SolutionConfigurationPlatforms) = preSolution
		Debug|Any CPU = Debug|Any CPU
		Release|Any CPU = Release|Any CPU
	EndGlobalSection
	GlobalSection(ProjectConfigurationPlatforms) = postSolution
		{B9DEB242-B38B-4BD8-98E8-45A4A641A198}.Debug|Any CPU.ActiveCfg = Debug|Any CPU
		{B9DEB242-B38B-4BD8-98E8-45A4A641A198}.Debug|Any CPU.Build.0 = Debug|Any CPU
		{B9DEB242-B38B-4BD8-98E8-45A4A641A198}.Release|Any CPU.ActiveCfg = Release|Any CPU
		{B9DEB242-B38B-4BD8-98E8-45A4A641A198}.Release|Any CPU.Build.0 = Release|Any CPU
		{B01E1A2D-6E7B-490B-B55A-AEE3C352ACF2}.Debug|Any CPU.ActiveCfg = Debug|Any CPU
		{B01E1A2D-6E7B-490B-B55A-AEE3C352ACF2}.Debug|Any CPU.Build.0 = Debug|Any CPU
		{B01E1A2D-6E7B-490B-B55A-AEE3C352ACF2}.Release|Any CPU.ActiveCfg = Release|Any CPU
		{B01E1A2D-6E7B-490B-B55A-AEE3C352ACF2}.Release|Any CPU.Build.0 = Release|Any CPU
	EndGlobalSection
	GlobalSection(SolutionProperties) = preSolution
		HideSolutionNode = FALSE
	EndGlobalSection
	GlobalSection(ExtensibilityGlobals) = postSolution
		SolutionGuid = {B27F34F7-CC3D-4DA2-A9CB-7A43D2B8D9C6}
	EndGlobalSection
EndGlobal
