
Microsoft Visual Studio Solution File, Format Version 12.00
# Visual Studio Version 17
VisualStudioVersion = 17.9.34622.214
MinimumVisualStudioVersion = 10.0.40219.1
Project("{FAE04EC0-301F-11D3-BF4B-00C04F79EFBC}") = "CalculadoraExample", "CalculadoraExample\CalculadoraExample.csproj", "{48D68AA6-0100-4869-B04C-8506473524F3}"
EndProject
Project("{FAE04EC0-301F-11D3-BF4B-00C04F79EFBC}") = "Calculadora.Tests", "Calculadora.Tests\Calculadora.Tests.csproj", "{8ADE0F2C-F977-48BD-9A66-E64AC69E42D1}"
EndProject
Global
	GlobalSection(SolutionConfigurationPlatforms) = preSolution
		Debug|Any CPU = Debug|Any CPU
		Release|Any CPU = Release|Any CPU
	EndGlobalSection
	GlobalSection(ProjectConfigurationPlatforms) = postSolution
		{48D68AA6-0100-4869-B04C-8506473524F3}.Debug|Any CPU.ActiveCfg = Debug|Any CPU
		{48D68AA6-0100-4869-B04C-8506473524F3}.Debug|Any CPU.Build.0 = Debug|Any CPU
		{48D68AA6-0100-4869-B04C-8506473524F3}.Release|Any CPU.ActiveCfg = Release|Any CPU
		{48D68AA6-0100-4869-B04C-8506473524F3}.Release|Any CPU.Build.0 = Release|Any CPU
		{8ADE0F2C-F977-48BD-9A66-E64AC69E42D1}.Debug|Any CPU.ActiveCfg = Debug|Any CPU
		{8ADE0F2C-F977-48BD-9A66-E64AC69E42D1}.Debug|Any CPU.Build.0 = Debug|Any CPU
		{8ADE0F2C-F977-48BD-9A66-E64AC69E42D1}.Release|Any CPU.ActiveCfg = Release|Any CPU
		{8ADE0F2C-F977-48BD-9A66-E64AC69E42D1}.Release|Any CPU.Build.0 = Release|Any CPU
	EndGlobalSection
	GlobalSection(SolutionProperties) = preSolution
		HideSolutionNode = FALSE
	EndGlobalSection
	GlobalSection(ExtensibilityGlobals) = postSolution
		SolutionGuid = {1B401590-CE7B-477E-AC50-5A586310789C}
	EndGlobalSection
EndGlobal
